// !$*UTF8*$!
{
	archiveVersion = 1;
	classes = {
	};
	objectVersion = 50;
	objects = {

/* Begin PBXBuildFile section */
		2C7B7B56D7FC3F455F42429E /* Pods_catchThisTests.framework in Frameworks */ = {isa = PBXBuildFile; fileRef = 5D242ADC8DDE16D9779B105F /* Pods_catchThisTests.framework */; };
		50BE33A272D68D92A08D1674 /* Pods_catchThis.framework in Frameworks */ = {isa = PBXBuildFile; fileRef = 3A7422FE2F733AEA66EF1362 /* Pods_catchThis.framework */; };
		8517A35722DDD53500741510 /* AppDelegate.swift in Sources */ = {isa = PBXBuildFile; fileRef = 8517A35622DDD53500741510 /* AppDelegate.swift */; };
		8517A35922DDD53500741510 /* GameScene.sks in Resources */ = {isa = PBXBuildFile; fileRef = 8517A35822DDD53500741510 /* GameScene.sks */; };
		8517A35D22DDD53500741510 /* GameScene.swift in Sources */ = {isa = PBXBuildFile; fileRef = 8517A35C22DDD53500741510 /* GameScene.swift */; };
		8517A35F22DDD53500741510 /* GameViewController.swift in Sources */ = {isa = PBXBuildFile; fileRef = 8517A35E22DDD53500741510 /* GameViewController.swift */; };
		8517A36222DDD53500741510 /* Main.storyboard in Resources */ = {isa = PBXBuildFile; fileRef = 8517A36022DDD53500741510 /* Main.storyboard */; };
		8517A36422DDD53600741510 /* Assets.xcassets in Resources */ = {isa = PBXBuildFile; fileRef = 8517A36322DDD53600741510 /* Assets.xcassets */; };
		8517A36722DDD53600741510 /* LaunchScreen.storyboard in Resources */ = {isa = PBXBuildFile; fileRef = 8517A36522DDD53600741510 /* LaunchScreen.storyboard */; };
		8517A37222DDD53600741510 /* catchThisTests.swift in Sources */ = {isa = PBXBuildFile; fileRef = 8517A37122DDD53600741510 /* catchThisTests.swift */; };
		8517A37D22DDD53600741510 /* catchThisUITests.swift in Sources */ = {isa = PBXBuildFile; fileRef = 8517A37C22DDD53600741510 /* catchThisUITests.swift */; };
		8517A38C22DDD54E00741510 /* CatchableItem.swift in Sources */ = {isa = PBXBuildFile; fileRef = 8517A38B22DDD54E00741510 /* CatchableItem.swift */; };
		8517A39122DE0DF500741510 /* MSButtonNode.swift in Sources */ = {isa = PBXBuildFile; fileRef = 8517A39022DE0DF500741510 /* MSButtonNode.swift */; };
		8517A39822DE661300741510 /* FFFFORWA.TTF in Resources */ = {isa = PBXBuildFile; fileRef = 8517A39722DE660E00741510 /* FFFFORWA.TTF */; };
		8517A39B22DE676500741510 /* SKLabelNode+Stroke.swift in Sources */ = {isa = PBXBuildFile; fileRef = 8517A39A22DE676500741510 /* SKLabelNode+Stroke.swift */; };
		8517A39D22DE6E1500741510 /* MKOutlinedLabelNode.swift in Sources */ = {isa = PBXBuildFile; fileRef = 8517A39C22DE6E1500741510 /* MKOutlinedLabelNode.swift */; };
		8517A39F22DE72ED00741510 /* ARCADECLASSIC.TTF in Resources */ = {isa = PBXBuildFile; fileRef = 8517A39E22DE72E500741510 /* ARCADECLASSIC.TTF */; };
		8523E01722E4BA8B00DDD8AB /* spark.sks in Resources */ = {isa = PBXBuildFile; fileRef = 8523E01522E4BA8B00DDD8AB /* spark.sks */; };
		8523E01822E4BA8B00DDD8AB /* Assets.xcassets in Resources */ = {isa = PBXBuildFile; fileRef = 8523E01622E4BA8B00DDD8AB /* Assets.xcassets */; };
		8523E01A22E4C19000DDD8AB /* PopupNode.swift in Sources */ = {isa = PBXBuildFile; fileRef = 8523E01922E4C19000DDD8AB /* PopupNode.swift */; };
		8523E01C22E4C9EE00DDD8AB /* NSAttributedString+Size.swift in Sources */ = {isa = PBXBuildFile; fileRef = 8523E01B22E4C9EE00DDD8AB /* NSAttributedString+Size.swift */; };
		8523E01E22E4DE2700DDD8AB /* GameKit.framework in Frameworks */ = {isa = PBXBuildFile; fileRef = 8523E01D22E4DE2700DDD8AB /* GameKit.framework */; };
		855641BE22E7393B00DA4A53 /* ScreenShareHelper.swift in Sources */ = {isa = PBXBuildFile; fileRef = 855641BD22E7393B00DA4A53 /* ScreenShareHelper.swift */; };
		855641C022E7555400DA4A53 /* UIScreen+sizeType.swift in Sources */ = {isa = PBXBuildFile; fileRef = 855641BF22E7555400DA4A53 /* UIScreen+sizeType.swift */; };
		855641C322E7A0F400DA4A53 /* pop.mp3 in Resources */ = {isa = PBXBuildFile; fileRef = 855641C222E7A0F400DA4A53 /* pop.mp3 */; };
		855641C522E7A1E200DA4A53 /* fail.mp3 in Resources */ = {isa = PBXBuildFile; fileRef = 855641C422E7A1E200DA4A53 /* fail.mp3 */; };
		D05E179D2670B7E7A80E13D1 /* Pods_catchThisUITests.framework in Frameworks */ = {isa = PBXBuildFile; fileRef = FCFFC15483FBB5E3B4FBEF94 /* Pods_catchThisUITests.framework */; };
/* End PBXBuildFile section */

/* Begin PBXContainerItemProxy section */
		8517A36E22DDD53600741510 /* PBXContainerItemProxy */ = {
			isa = PBXContainerItemProxy;
			containerPortal = 8517A34B22DDD53500741510 /* Project object */;
			proxyType = 1;
			remoteGlobalIDString = 8517A35222DDD53500741510;
			remoteInfo = catchThis;
		};
		8517A37922DDD53600741510 /* PBXContainerItemProxy */ = {
			isa = PBXContainerItemProxy;
			containerPortal = 8517A34B22DDD53500741510 /* Project object */;
			proxyType = 1;
			remoteGlobalIDString = 8517A35222DDD53500741510;
			remoteInfo = catchThis;
		};
/* End PBXContainerItemProxy section */

/* Begin PBXFileReference section */
		2B8D6051A1C051B138F018E6 /* Pods-catchThisUITests.release.xcconfig */ = {isa = PBXFileReference; includeInIndex = 1; lastKnownFileType = text.xcconfig; name = "Pods-catchThisUITests.release.xcconfig"; path = "Target Support Files/Pods-catchThisUITests/Pods-catchThisUITests.release.xcconfig"; sourceTree = "<group>"; };
		36A1F898A46BAA5DADC42F06 /* Pods-catchThis.release.xcconfig */ = {isa = PBXFileReference; includeInIndex = 1; lastKnownFileType = text.xcconfig; name = "Pods-catchThis.release.xcconfig"; path = "Target Support Files/Pods-catchThis/Pods-catchThis.release.xcconfig"; sourceTree = "<group>"; };
		3A7422FE2F733AEA66EF1362 /* Pods_catchThis.framework */ = {isa = PBXFileReference; explicitFileType = wrapper.framework; includeInIndex = 0; path = Pods_catchThis.framework; sourceTree = BUILT_PRODUCTS_DIR; };
		5D242ADC8DDE16D9779B105F /* Pods_catchThisTests.framework */ = {isa = PBXFileReference; explicitFileType = wrapper.framework; includeInIndex = 0; path = Pods_catchThisTests.framework; sourceTree = BUILT_PRODUCTS_DIR; };
		5F020AFA4B6EC84D4B8E52A2 /* Pods-catchThisUITests.debug.xcconfig */ = {isa = PBXFileReference; includeInIndex = 1; lastKnownFileType = text.xcconfig; name = "Pods-catchThisUITests.debug.xcconfig"; path = "Target Support Files/Pods-catchThisUITests/Pods-catchThisUITests.debug.xcconfig"; sourceTree = "<group>"; };
		8517A35322DDD53500741510 /* catchThis.app */ = {isa = PBXFileReference; explicitFileType = wrapper.application; includeInIndex = 0; path = catchThis.app; sourceTree = BUILT_PRODUCTS_DIR; };
		8517A35622DDD53500741510 /* AppDelegate.swift */ = {isa = PBXFileReference; lastKnownFileType = sourcecode.swift; path = AppDelegate.swift; sourceTree = "<group>"; };
		8517A35822DDD53500741510 /* GameScene.sks */ = {isa = PBXFileReference; lastKnownFileType = file.sks; path = GameScene.sks; sourceTree = "<group>"; };
		8517A35C22DDD53500741510 /* GameScene.swift */ = {isa = PBXFileReference; lastKnownFileType = sourcecode.swift; path = GameScene.swift; sourceTree = "<group>"; };
		8517A35E22DDD53500741510 /* GameViewController.swift */ = {isa = PBXFileReference; lastKnownFileType = sourcecode.swift; path = GameViewController.swift; sourceTree = "<group>"; };
		8517A36122DDD53500741510 /* Base */ = {isa = PBXFileReference; lastKnownFileType = file.storyboard; name = Base; path = Base.lproj/Main.storyboard; sourceTree = "<group>"; };
		8517A36322DDD53600741510 /* Assets.xcassets */ = {isa = PBXFileReference; lastKnownFileType = folder.assetcatalog; path = Assets.xcassets; sourceTree = "<group>"; };
		8517A36622DDD53600741510 /* Base */ = {isa = PBXFileReference; lastKnownFileType = file.storyboard; name = Base; path = Base.lproj/LaunchScreen.storyboard; sourceTree = "<group>"; };
		8517A36822DDD53600741510 /* Info.plist */ = {isa = PBXFileReference; lastKnownFileType = text.plist.xml; path = Info.plist; sourceTree = "<group>"; };
		8517A36D22DDD53600741510 /* catchThisTests.xctest */ = {isa = PBXFileReference; explicitFileType = wrapper.cfbundle; includeInIndex = 0; path = catchThisTests.xctest; sourceTree = BUILT_PRODUCTS_DIR; };
		8517A37122DDD53600741510 /* catchThisTests.swift */ = {isa = PBXFileReference; lastKnownFileType = sourcecode.swift; path = catchThisTests.swift; sourceTree = "<group>"; };
		8517A37322DDD53600741510 /* Info.plist */ = {isa = PBXFileReference; lastKnownFileType = text.plist.xml; path = Info.plist; sourceTree = "<group>"; };
		8517A37822DDD53600741510 /* catchThisUITests.xctest */ = {isa = PBXFileReference; explicitFileType = wrapper.cfbundle; includeInIndex = 0; path = catchThisUITests.xctest; sourceTree = BUILT_PRODUCTS_DIR; };
		8517A37C22DDD53600741510 /* catchThisUITests.swift */ = {isa = PBXFileReference; lastKnownFileType = sourcecode.swift; path = catchThisUITests.swift; sourceTree = "<group>"; };
		8517A37E22DDD53600741510 /* Info.plist */ = {isa = PBXFileReference; lastKnownFileType = text.plist.xml; path = Info.plist; sourceTree = "<group>"; };
		8517A38B22DDD54E00741510 /* CatchableItem.swift */ = {isa = PBXFileReference; lastKnownFileType = sourcecode.swift; path = CatchableItem.swift; sourceTree = "<group>"; };
		8517A39022DE0DF500741510 /* MSButtonNode.swift */ = {isa = PBXFileReference; lastKnownFileType = sourcecode.swift; path = MSButtonNode.swift; sourceTree = "<group>"; };
		8517A39722DE660E00741510 /* FFFFORWA.TTF */ = {isa = PBXFileReference; lastKnownFileType = file; path = FFFFORWA.TTF; sourceTree = "<group>"; };
		8517A39A22DE676500741510 /* SKLabelNode+Stroke.swift */ = {isa = PBXFileReference; lastKnownFileType = sourcecode.swift; path = "SKLabelNode+Stroke.swift"; sourceTree = "<group>"; };
		8517A39C22DE6E1500741510 /* MKOutlinedLabelNode.swift */ = {isa = PBXFileReference; lastKnownFileType = sourcecode.swift; path = MKOutlinedLabelNode.swift; sourceTree = "<group>"; };
		8517A39E22DE72E500741510 /* ARCADECLASSIC.TTF */ = {isa = PBXFileReference; lastKnownFileType = file; path = ARCADECLASSIC.TTF; sourceTree = "<group>"; };
		8523E01522E4BA8B00DDD8AB /* spark.sks */ = {isa = PBXFileReference; lastKnownFileType = file.sks; path = spark.sks; sourceTree = "<group>"; };
		8523E01622E4BA8B00DDD8AB /* Assets.xcassets */ = {isa = PBXFileReference; lastKnownFileType = folder.assetcatalog; path = Assets.xcassets; sourceTree = "<group>"; };
		8523E01922E4C19000DDD8AB /* PopupNode.swift */ = {isa = PBXFileReference; lastKnownFileType = sourcecode.swift; path = PopupNode.swift; sourceTree = "<group>"; };
		8523E01B22E4C9EE00DDD8AB /* NSAttributedString+Size.swift */ = {isa = PBXFileReference; lastKnownFileType = sourcecode.swift; path = "NSAttributedString+Size.swift"; sourceTree = "<group>"; };
		8523E01D22E4DE2700DDD8AB /* GameKit.framework */ = {isa = PBXFileReference; lastKnownFileType = wrapper.framework; name = GameKit.framework; path = System/Library/Frameworks/GameKit.framework; sourceTree = SDKROOT; };
		855641BD22E7393B00DA4A53 /* ScreenShareHelper.swift */ = {isa = PBXFileReference; lastKnownFileType = sourcecode.swift; path = ScreenShareHelper.swift; sourceTree = "<group>"; };
		855641BF22E7555400DA4A53 /* UIScreen+sizeType.swift */ = {isa = PBXFileReference; lastKnownFileType = sourcecode.swift; path = "UIScreen+sizeType.swift"; sourceTree = "<group>"; };
		855641C222E7A0F400DA4A53 /* pop.mp3 */ = {isa = PBXFileReference; lastKnownFileType = audio.mp3; path = pop.mp3; sourceTree = "<group>"; };
		855641C422E7A1E200DA4A53 /* fail.mp3 */ = {isa = PBXFileReference; lastKnownFileType = audio.mp3; path = fail.mp3; sourceTree = "<group>"; };
		B43F9DC8D66A8C6A42C8481E /* Pods-catchThisTests.debug.xcconfig */ = {isa = PBXFileReference; includeInIndex = 1; lastKnownFileType = text.xcconfig; name = "Pods-catchThisTests.debug.xcconfig"; path = "Target Support Files/Pods-catchThisTests/Pods-catchThisTests.debug.xcconfig"; sourceTree = "<group>"; };
		D102349C99762C08F113B2F6 /* Pods-catchThisTests.release.xcconfig */ = {isa = PBXFileReference; includeInIndex = 1; lastKnownFileType = text.xcconfig; name = "Pods-catchThisTests.release.xcconfig"; path = "Target Support Files/Pods-catchThisTests/Pods-catchThisTests.release.xcconfig"; sourceTree = "<group>"; };
		D6AEFD51B6EEE47AB16E617A /* Pods-catchThis.debug.xcconfig */ = {isa = PBXFileReference; includeInIndex = 1; lastKnownFileType = text.xcconfig; name = "Pods-catchThis.debug.xcconfig"; path = "Target Support Files/Pods-catchThis/Pods-catchThis.debug.xcconfig"; sourceTree = "<group>"; };
		FCFFC15483FBB5E3B4FBEF94 /* Pods_catchThisUITests.framework */ = {isa = PBXFileReference; explicitFileType = wrapper.framework; includeInIndex = 0; path = Pods_catchThisUITests.framework; sourceTree = BUILT_PRODUCTS_DIR; };
/* End PBXFileReference section */

/* Begin PBXFrameworksBuildPhase section */
		8517A35022DDD53500741510 /* Frameworks */ = {
			isa = PBXFrameworksBuildPhase;
			buildActionMask = 2147483647;
			files = (
				50BE33A272D68D92A08D1674 /* Pods_catchThis.framework in Frameworks */,
				8523E01E22E4DE2700DDD8AB /* GameKit.framework in Frameworks */,
			);
			runOnlyForDeploymentPostprocessing = 0;
		};
		8517A36A22DDD53600741510 /* Frameworks */ = {
			isa = PBXFrameworksBuildPhase;
			buildActionMask = 2147483647;
			files = (
				2C7B7B56D7FC3F455F42429E /* Pods_catchThisTests.framework in Frameworks */,
			);
			runOnlyForDeploymentPostprocessing = 0;
		};
		8517A37522DDD53600741510 /* Frameworks */ = {
			isa = PBXFrameworksBuildPhase;
			buildActionMask = 2147483647;
			files = (
				D05E179D2670B7E7A80E13D1 /* Pods_catchThisUITests.framework in Frameworks */,
			);
			runOnlyForDeploymentPostprocessing = 0;
		};
/* End PBXFrameworksBuildPhase section */

/* Begin PBXGroup section */
		737E87F30F1AB73D386F9C56 /* Frameworks */ = {
			isa = PBXGroup;
			children = (
				8523E01D22E4DE2700DDD8AB /* GameKit.framework */,
				3A7422FE2F733AEA66EF1362 /* Pods_catchThis.framework */,
				5D242ADC8DDE16D9779B105F /* Pods_catchThisTests.framework */,
				FCFFC15483FBB5E3B4FBEF94 /* Pods_catchThisUITests.framework */,
			);
			name = Frameworks;
			sourceTree = "<group>";
		};
		8517A34A22DDD53500741510 = {
			isa = PBXGroup;
			children = (
				8517A35522DDD53500741510 /* catchThis */,
				8517A37022DDD53600741510 /* catchThisTests */,
				8517A37B22DDD53600741510 /* catchThisUITests */,
				8517A35422DDD53500741510 /* Products */,
				BCA76468D943D371B22C8DFA /* Pods */,
				737E87F30F1AB73D386F9C56 /* Frameworks */,
			);
			sourceTree = "<group>";
		};
		8517A35422DDD53500741510 /* Products */ = {
			isa = PBXGroup;
			children = (
				8517A35322DDD53500741510 /* catchThis.app */,
				8517A36D22DDD53600741510 /* catchThisTests.xctest */,
				8517A37822DDD53600741510 /* catchThisUITests.xctest */,
			);
			name = Products;
			sourceTree = "<group>";
		};
		8517A35522DDD53500741510 /* catchThis */ = {
			isa = PBXGroup;
			children = (
				855641C122E7A0E900DA4A53 /* Sounds */,
				855641BC22E7391900DA4A53 /* Helpers */,
				8517A39922DE674E00741510 /* Extensions */,
				8517A39622DE65F700741510 /* fonts */,
				8517A38A22DDD53C00741510 /* Items */,
				8517A38D22DDD77D00741510 /* GameScene */,
				8517A35622DDD53500741510 /* AppDelegate.swift */,
				8517A35E22DDD53500741510 /* GameViewController.swift */,
				8517A36022DDD53500741510 /* Main.storyboard */,
				8517A36322DDD53600741510 /* Assets.xcassets */,
				8517A36522DDD53600741510 /* LaunchScreen.storyboard */,
				8517A36822DDD53600741510 /* Info.plist */,
			);
			path = catchThis;
			sourceTree = "<group>";
		};
		8517A37022DDD53600741510 /* catchThisTests */ = {
			isa = PBXGroup;
			children = (
				8517A37122DDD53600741510 /* catchThisTests.swift */,
				8517A37322DDD53600741510 /* Info.plist */,
			);
			path = catchThisTests;
			sourceTree = "<group>";
		};
		8517A37B22DDD53600741510 /* catchThisUITests */ = {
			isa = PBXGroup;
			children = (
				8517A37C22DDD53600741510 /* catchThisUITests.swift */,
				8517A37E22DDD53600741510 /* Info.plist */,
			);
			path = catchThisUITests;
			sourceTree = "<group>";
		};
		8517A38A22DDD53C00741510 /* Items */ = {
			isa = PBXGroup;
			children = (
				8517A38B22DDD54E00741510 /* CatchableItem.swift */,
				8517A39022DE0DF500741510 /* MSButtonNode.swift */,
				8517A39C22DE6E1500741510 /* MKOutlinedLabelNode.swift */,
				8523E01922E4C19000DDD8AB /* PopupNode.swift */,
			);
			path = Items;
			sourceTree = "<group>";
		};
		8517A38D22DDD77D00741510 /* GameScene */ = {
			isa = PBXGroup;
			children = (
				8517A35822DDD53500741510 /* GameScene.sks */,
				8517A35C22DDD53500741510 /* GameScene.swift */,
				8523E01522E4BA8B00DDD8AB /* spark.sks */,
				8523E01622E4BA8B00DDD8AB /* Assets.xcassets */,
			);
			path = GameScene;
			sourceTree = "<group>";
		};
		8517A39622DE65F700741510 /* fonts */ = {
			isa = PBXGroup;
			children = (
				8517A39E22DE72E500741510 /* ARCADECLASSIC.TTF */,
				8517A39722DE660E00741510 /* FFFFORWA.TTF */,
			);
			path = fonts;
			sourceTree = "<group>";
		};
		8517A39922DE674E00741510 /* Extensions */ = {
			isa = PBXGroup;
			children = (
				8517A39A22DE676500741510 /* SKLabelNode+Stroke.swift */,
				8523E01B22E4C9EE00DDD8AB /* NSAttributedString+Size.swift */,
				855641BF22E7555400DA4A53 /* UIScreen+sizeType.swift */,
			);
			path = Extensions;
			sourceTree = "<group>";
		};
		855641BC22E7391900DA4A53 /* Helpers */ = {
			isa = PBXGroup;
			children = (
				855641BD22E7393B00DA4A53 /* ScreenShareHelper.swift */,
			);
			path = Helpers;
			sourceTree = "<group>";
		};
		855641C122E7A0E900DA4A53 /* Sounds */ = {
			isa = PBXGroup;
			children = (
				855641C422E7A1E200DA4A53 /* fail.mp3 */,
				855641C222E7A0F400DA4A53 /* pop.mp3 */,
			);
			path = Sounds;
			sourceTree = "<group>";
		};
		BCA76468D943D371B22C8DFA /* Pods */ = {
			isa = PBXGroup;
			children = (
				D6AEFD51B6EEE47AB16E617A /* Pods-catchThis.debug.xcconfig */,
				36A1F898A46BAA5DADC42F06 /* Pods-catchThis.release.xcconfig */,
				B43F9DC8D66A8C6A42C8481E /* Pods-catchThisTests.debug.xcconfig */,
				D102349C99762C08F113B2F6 /* Pods-catchThisTests.release.xcconfig */,
				5F020AFA4B6EC84D4B8E52A2 /* Pods-catchThisUITests.debug.xcconfig */,
				2B8D6051A1C051B138F018E6 /* Pods-catchThisUITests.release.xcconfig */,
			);
			path = Pods;
			sourceTree = "<group>";
		};
/* End PBXGroup section */

/* Begin PBXNativeTarget section */
		8517A35222DDD53500741510 /* catchThis */ = {
			isa = PBXNativeTarget;
			buildConfigurationList = 8517A38122DDD53600741510 /* Build configuration list for PBXNativeTarget "catchThis" */;
			buildPhases = (
				616E9D1C96D6443CEF7968C7 /* [CP] Check Pods Manifest.lock */,
				8517A34F22DDD53500741510 /* Sources */,
				8517A35022DDD53500741510 /* Frameworks */,
				8517A35122DDD53500741510 /* Resources */,
			);
			buildRules = (
			);
			dependencies = (
			);
			name = catchThis;
			productName = catchThis;
			productReference = 8517A35322DDD53500741510 /* catchThis.app */;
			productType = "com.apple.product-type.application";
		};
		8517A36C22DDD53600741510 /* catchThisTests */ = {
			isa = PBXNativeTarget;
			buildConfigurationList = 8517A38422DDD53600741510 /* Build configuration list for PBXNativeTarget "catchThisTests" */;
			buildPhases = (
				2949C68BD354A96EEFA3DA67 /* [CP] Check Pods Manifest.lock */,
				8517A36922DDD53600741510 /* Sources */,
				8517A36A22DDD53600741510 /* Frameworks */,
				8517A36B22DDD53600741510 /* Resources */,
			);
			buildRules = (
			);
			dependencies = (
				8517A36F22DDD53600741510 /* PBXTargetDependency */,
			);
			name = catchThisTests;
			productName = catchThisTests;
			productReference = 8517A36D22DDD53600741510 /* catchThisTests.xctest */;
			productType = "com.apple.product-type.bundle.unit-test";
		};
		8517A37722DDD53600741510 /* catchThisUITests */ = {
			isa = PBXNativeTarget;
			buildConfigurationList = 8517A38722DDD53600741510 /* Build configuration list for PBXNativeTarget "catchThisUITests" */;
			buildPhases = (
				0ADD7DE3C69B1B322DB65FB7 /* [CP] Check Pods Manifest.lock */,
				8517A37422DDD53600741510 /* Sources */,
				8517A37522DDD53600741510 /* Frameworks */,
				8517A37622DDD53600741510 /* Resources */,
			);
			buildRules = (
			);
			dependencies = (
				8517A37A22DDD53600741510 /* PBXTargetDependency */,
			);
			name = catchThisUITests;
			productName = catchThisUITests;
			productReference = 8517A37822DDD53600741510 /* catchThisUITests.xctest */;
			productType = "com.apple.product-type.bundle.ui-testing";
		};
/* End PBXNativeTarget section */

/* Begin PBXProject section */
		8517A34B22DDD53500741510 /* Project object */ = {
			isa = PBXProject;
			attributes = {
				LastSwiftUpdateCheck = 1020;
				LastUpgradeCheck = 1020;
				ORGANIZATIONNAME = "Marcin Slusarek";
				TargetAttributes = {
					8517A35222DDD53500741510 = {
						CreatedOnToolsVersion = 10.2.1;
						SystemCapabilities = {
							com.apple.GameCenter.iOS = {
								enabled = 1;
							};
						};
					};
					8517A36C22DDD53600741510 = {
						CreatedOnToolsVersion = 10.2.1;
						TestTargetID = 8517A35222DDD53500741510;
					};
					8517A37722DDD53600741510 = {
						CreatedOnToolsVersion = 10.2.1;
						TestTargetID = 8517A35222DDD53500741510;
					};
				};
			};
			buildConfigurationList = 8517A34E22DDD53500741510 /* Build configuration list for PBXProject "catchThis" */;
			compatibilityVersion = "Xcode 9.3";
			developmentRegion = en;
			hasScannedForEncodings = 0;
			knownRegions = (
				en,
				Base,
			);
			mainGroup = 8517A34A22DDD53500741510;
			productRefGroup = 8517A35422DDD53500741510 /* Products */;
			projectDirPath = "";
			projectRoot = "";
			targets = (
				8517A35222DDD53500741510 /* catchThis */,
				8517A36C22DDD53600741510 /* catchThisTests */,
				8517A37722DDD53600741510 /* catchThisUITests */,
			);
		};
/* End PBXProject section */

/* Begin PBXResourcesBuildPhase section */
		8517A35122DDD53500741510 /* Resources */ = {
			isa = PBXResourcesBuildPhase;
			buildActionMask = 2147483647;
			files = (
				8517A39F22DE72ED00741510 /* ARCADECLASSIC.TTF in Resources */,
				8523E01722E4BA8B00DDD8AB /* spark.sks in Resources */,
				8517A36222DDD53500741510 /* Main.storyboard in Resources */,
				855641C322E7A0F400DA4A53 /* pop.mp3 in Resources */,
				8517A39822DE661300741510 /* FFFFORWA.TTF in Resources */,
				8517A35922DDD53500741510 /* GameScene.sks in Resources */,
				855641C522E7A1E200DA4A53 /* fail.mp3 in Resources */,
				8517A36422DDD53600741510 /* Assets.xcassets in Resources */,
				8517A36722DDD53600741510 /* LaunchScreen.storyboard in Resources */,
				8523E01822E4BA8B00DDD8AB /* Assets.xcassets in Resources */,
			);
			runOnlyForDeploymentPostprocessing = 0;
		};
		8517A36B22DDD53600741510 /* Resources */ = {
			isa = PBXResourcesBuildPhase;
			buildActionMask = 2147483647;
			files = (
			);
			runOnlyForDeploymentPostprocessing = 0;
		};
		8517A37622DDD53600741510 /* Resources */ = {
			isa = PBXResourcesBuildPhase;
			buildActionMask = 2147483647;
			files = (
			);
			runOnlyForDeploymentPostprocessing = 0;
		};
/* End PBXResourcesBuildPhase section */

/* Begin PBXShellScriptBuildPhase section */
		0ADD7DE3C69B1B322DB65FB7 /* [CP] Check Pods Manifest.lock */ = {
			isa = PBXShellScriptBuildPhase;
			buildActionMask = 2147483647;
			files = (
			);
			inputFileListPaths = (
			);
			inputPaths = (
				"${PODS_PODFILE_DIR_PATH}/Podfile.lock",
				"${PODS_ROOT}/Manifest.lock",
			);
			name = "[CP] Check Pods Manifest.lock";
			outputFileListPaths = (
			);
			outputPaths = (
				"$(DERIVED_FILE_DIR)/Pods-catchThisUITests-checkManifestLockResult.txt",
			);
			runOnlyForDeploymentPostprocessing = 0;
			shellPath = /bin/sh;
			shellScript = "diff \"${PODS_PODFILE_DIR_PATH}/Podfile.lock\" \"${PODS_ROOT}/Manifest.lock\" > /dev/null\nif [ $? != 0 ] ; then\n    # print error to STDERR\n    echo \"error: The sandbox is not in sync with the Podfile.lock. Run 'pod install' or update your CocoaPods installation.\" >&2\n    exit 1\nfi\n# This output is used by Xcode 'outputs' to avoid re-running this script phase.\necho \"SUCCESS\" > \"${SCRIPT_OUTPUT_FILE_0}\"\n";
			showEnvVarsInLog = 0;
		};
		2949C68BD354A96EEFA3DA67 /* [CP] Check Pods Manifest.lock */ = {
			isa = PBXShellScriptBuildPhase;
			buildActionMask = 2147483647;
			files = (
			);
			inputFileListPaths = (
			);
			inputPaths = (
				"${PODS_PODFILE_DIR_PATH}/Podfile.lock",
				"${PODS_ROOT}/Manifest.lock",
			);
			name = "[CP] Check Pods Manifest.lock";
			outputFileListPaths = (
			);
			outputPaths = (
				"$(DERIVED_FILE_DIR)/Pods-catchThisTests-checkManifestLockResult.txt",
			);
			runOnlyForDeploymentPostprocessing = 0;
			shellPath = /bin/sh;
			shellScript = "diff \"${PODS_PODFILE_DIR_PATH}/Podfile.lock\" \"${PODS_ROOT}/Manifest.lock\" > /dev/null\nif [ $? != 0 ] ; then\n    # print error to STDERR\n    echo \"error: The sandbox is not in sync with the Podfile.lock. Run 'pod install' or update your CocoaPods installation.\" >&2\n    exit 1\nfi\n# This output is used by Xcode 'outputs' to avoid re-running this script phase.\necho \"SUCCESS\" > \"${SCRIPT_OUTPUT_FILE_0}\"\n";
			showEnvVarsInLog = 0;
		};
		616E9D1C96D6443CEF7968C7 /* [CP] Check Pods Manifest.lock */ = {
			isa = PBXShellScriptBuildPhase;
			buildActionMask = 2147483647;
			files = (
			);
			inputFileListPaths = (
			);
			inputPaths = (
				"${PODS_PODFILE_DIR_PATH}/Podfile.lock",
				"${PODS_ROOT}/Manifest.lock",
			);
			name = "[CP] Check Pods Manifest.lock";
			outputFileListPaths = (
			);
			outputPaths = (
				"$(DERIVED_FILE_DIR)/Pods-catchThis-checkManifestLockResult.txt",
			);
			runOnlyForDeploymentPostprocessing = 0;
			shellPath = /bin/sh;
			shellScript = "diff \"${PODS_PODFILE_DIR_PATH}/Podfile.lock\" \"${PODS_ROOT}/Manifest.lock\" > /dev/null\nif [ $? != 0 ] ; then\n    # print error to STDERR\n    echo \"error: The sandbox is not in sync with the Podfile.lock. Run 'pod install' or update your CocoaPods installation.\" >&2\n    exit 1\nfi\n# This output is used by Xcode 'outputs' to avoid re-running this script phase.\necho \"SUCCESS\" > \"${SCRIPT_OUTPUT_FILE_0}\"\n";
			showEnvVarsInLog = 0;
		};
/* End PBXShellScriptBuildPhase section */

/* Begin PBXSourcesBuildPhase section */
		8517A34F22DDD53500741510 /* Sources */ = {
			isa = PBXSourcesBuildPhase;
			buildActionMask = 2147483647;
			files = (
				8517A38C22DDD54E00741510 /* CatchableItem.swift in Sources */,
				8517A35D22DDD53500741510 /* GameScene.swift in Sources */,
				8517A35F22DDD53500741510 /* GameViewController.swift in Sources */,
				8517A35722DDD53500741510 /* AppDelegate.swift in Sources */,
				8523E01A22E4C19000DDD8AB /* PopupNode.swift in Sources */,
				8517A39B22DE676500741510 /* SKLabelNode+Stroke.swift in Sources */,
				855641C022E7555400DA4A53 /* UIScreen+sizeType.swift in Sources */,
				8517A39122DE0DF500741510 /* MSButtonNode.swift in Sources */,
				8523E01C22E4C9EE00DDD8AB /* NSAttributedString+Size.swift in Sources */,
				8517A39D22DE6E1500741510 /* MKOutlinedLabelNode.swift in Sources */,
				855641BE22E7393B00DA4A53 /* ScreenShareHelper.swift in Sources */,
			);
			runOnlyForDeploymentPostprocessing = 0;
		};
		8517A36922DDD53600741510 /* Sources */ = {
			isa = PBXSourcesBuildPhase;
			buildActionMask = 2147483647;
			files = (
				8517A37222DDD53600741510 /* catchThisTests.swift in Sources */,
			);
			runOnlyForDeploymentPostprocessing = 0;
		};
		8517A37422DDD53600741510 /* Sources */ = {
			isa = PBXSourcesBuildPhase;
			buildActionMask = 2147483647;
			files = (
				8517A37D22DDD53600741510 /* catchThisUITests.swift in Sources */,
			);
			runOnlyForDeploymentPostprocessing = 0;
		};
/* End PBXSourcesBuildPhase section */

/* Begin PBXTargetDependency section */
		8517A36F22DDD53600741510 /* PBXTargetDependency */ = {
			isa = PBXTargetDependency;
			target = 8517A35222DDD53500741510 /* catchThis */;
			targetProxy = 8517A36E22DDD53600741510 /* PBXContainerItemProxy */;
		};
		8517A37A22DDD53600741510 /* PBXTargetDependency */ = {
			isa = PBXTargetDependency;
			target = 8517A35222DDD53500741510 /* catchThis */;
			targetProxy = 8517A37922DDD53600741510 /* PBXContainerItemProxy */;
		};
/* End PBXTargetDependency section */

/* Begin PBXVariantGroup section */
		8517A36022DDD53500741510 /* Main.storyboard */ = {
			isa = PBXVariantGroup;
			children = (
				8517A36122DDD53500741510 /* Base */,
			);
			name = Main.storyboard;
			sourceTree = "<group>";
		};
		8517A36522DDD53600741510 /* LaunchScreen.storyboard */ = {
			isa = PBXVariantGroup;
			children = (
				8517A36622DDD53600741510 /* Base */,
			);
			name = LaunchScreen.storyboard;
			sourceTree = "<group>";
		};
/* End PBXVariantGroup section */

/* Begin XCBuildConfiguration section */
		8517A37F22DDD53600741510 /* Debug */ = {
			isa = XCBuildConfiguration;
			buildSettings = {
				ALWAYS_SEARCH_USER_PATHS = NO;
				CLANG_ANALYZER_NONNULL = YES;
				CLANG_ANALYZER_NUMBER_OBJECT_CONVERSION = YES_AGGRESSIVE;
				CLANG_CXX_LANGUAGE_STANDARD = "gnu++14";
				CLANG_CXX_LIBRARY = "libc++";
				CLANG_ENABLE_MODULES = YES;
				CLANG_ENABLE_OBJC_ARC = YES;
				CLANG_ENABLE_OBJC_WEAK = YES;
				CLANG_WARN_BLOCK_CAPTURE_AUTORELEASING = YES;
				CLANG_WARN_BOOL_CONVERSION = YES;
				CLANG_WARN_COMMA = YES;
				CLANG_WARN_CONSTANT_CONVERSION = YES;
				CLANG_WARN_DEPRECATED_OBJC_IMPLEMENTATIONS = YES;
				CLANG_WARN_DIRECT_OBJC_ISA_USAGE = YES_ERROR;
				CLANG_WARN_DOCUMENTATION_COMMENTS = YES;
				CLANG_WARN_EMPTY_BODY = YES;
				CLANG_WARN_ENUM_CONVERSION = YES;
				CLANG_WARN_INFINITE_RECURSION = YES;
				CLANG_WARN_INT_CONVERSION = YES;
				CLANG_WARN_NON_LITERAL_NULL_CONVERSION = YES;
				CLANG_WARN_OBJC_IMPLICIT_RETAIN_SELF = YES;
				CLANG_WARN_OBJC_LITERAL_CONVERSION = YES;
				CLANG_WARN_OBJC_ROOT_CLASS = YES_ERROR;
				CLANG_WARN_RANGE_LOOP_ANALYSIS = YES;
				CLANG_WARN_STRICT_PROTOTYPES = YES;
				CLANG_WARN_SUSPICIOUS_MOVE = YES;
				CLANG_WARN_UNGUARDED_AVAILABILITY = YES_AGGRESSIVE;
				CLANG_WARN_UNREACHABLE_CODE = YES;
				CLANG_WARN__DUPLICATE_METHOD_MATCH = YES;
				CODE_SIGN_IDENTITY = "iPhone Developer";
				COPY_PHASE_STRIP = NO;
				DEBUG_INFORMATION_FORMAT = dwarf;
				ENABLE_STRICT_OBJC_MSGSEND = YES;
				ENABLE_TESTABILITY = YES;
				GCC_C_LANGUAGE_STANDARD = gnu11;
				GCC_DYNAMIC_NO_PIC = NO;
				GCC_NO_COMMON_BLOCKS = YES;
				GCC_OPTIMIZATION_LEVEL = 0;
				GCC_PREPROCESSOR_DEFINITIONS = (
					"DEBUG=1",
					"$(inherited)",
				);
				GCC_WARN_64_TO_32_BIT_CONVERSION = YES;
				GCC_WARN_ABOUT_RETURN_TYPE = YES_ERROR;
				GCC_WARN_UNDECLARED_SELECTOR = YES;
				GCC_WARN_UNINITIALIZED_AUTOS = YES_AGGRESSIVE;
				GCC_WARN_UNUSED_FUNCTION = YES;
				GCC_WARN_UNUSED_VARIABLE = YES;
				IPHONEOS_DEPLOYMENT_TARGET = 12.2;
				MTL_ENABLE_DEBUG_INFO = INCLUDE_SOURCE;
				MTL_FAST_MATH = YES;
				ONLY_ACTIVE_ARCH = YES;
				SDKROOT = iphoneos;
				SWIFT_ACTIVE_COMPILATION_CONDITIONS = DEBUG;
				SWIFT_OPTIMIZATION_LEVEL = "-Onone";
			};
			name = Debug;
		};
		8517A38022DDD53600741510 /* Release */ = {
			isa = XCBuildConfiguration;
			buildSettings = {
				ALWAYS_SEARCH_USER_PATHS = NO;
				CLANG_ANALYZER_NONNULL = YES;
				CLANG_ANALYZER_NUMBER_OBJECT_CONVERSION = YES_AGGRESSIVE;
				CLANG_CXX_LANGUAGE_STANDARD = "gnu++14";
				CLANG_CXX_LIBRARY = "libc++";
				CLANG_ENABLE_MODULES = YES;
				CLANG_ENABLE_OBJC_ARC = YES;
				CLANG_ENABLE_OBJC_WEAK = YES;
				CLANG_WARN_BLOCK_CAPTURE_AUTORELEASING = YES;
				CLANG_WARN_BOOL_CONVERSION = YES;
				CLANG_WARN_COMMA = YES;
				CLANG_WARN_CONSTANT_CONVERSION = YES;
				CLANG_WARN_DEPRECATED_OBJC_IMPLEMENTATIONS = YES;
				CLANG_WARN_DIRECT_OBJC_ISA_USAGE = YES_ERROR;
				CLANG_WARN_DOCUMENTATION_COMMENTS = YES;
				CLANG_WARN_EMPTY_BODY = YES;
				CLANG_WARN_ENUM_CONVERSION = YES;
				CLANG_WARN_INFINITE_RECURSION = YES;
				CLANG_WARN_INT_CONVERSION = YES;
				CLANG_WARN_NON_LITERAL_NULL_CONVERSION = YES;
				CLANG_WARN_OBJC_IMPLICIT_RETAIN_SELF = YES;
				CLANG_WARN_OBJC_LITERAL_CONVERSION = YES;
				CLANG_WARN_OBJC_ROOT_CLASS = YES_ERROR;
				CLANG_WARN_RANGE_LOOP_ANALYSIS = YES;
				CLANG_WARN_STRICT_PROTOTYPES = YES;
				CLANG_WARN_SUSPICIOUS_MOVE = YES;
				CLANG_WARN_UNGUARDED_AVAILABILITY = YES_AGGRESSIVE;
				CLANG_WARN_UNREACHABLE_CODE = YES;
				CLANG_WARN__DUPLICATE_METHOD_MATCH = YES;
				CODE_SIGN_IDENTITY = "iPhone Developer";
				COPY_PHASE_STRIP = NO;
				DEBUG_INFORMATION_FORMAT = "dwarf-with-dsym";
				ENABLE_NS_ASSERTIONS = NO;
				ENABLE_STRICT_OBJC_MSGSEND = YES;
				GCC_C_LANGUAGE_STANDARD = gnu11;
				GCC_NO_COMMON_BLOCKS = YES;
				GCC_WARN_64_TO_32_BIT_CONVERSION = YES;
				GCC_WARN_ABOUT_RETURN_TYPE = YES_ERROR;
				GCC_WARN_UNDECLARED_SELECTOR = YES;
				GCC_WARN_UNINITIALIZED_AUTOS = YES_AGGRESSIVE;
				GCC_WARN_UNUSED_FUNCTION = YES;
				GCC_WARN_UNUSED_VARIABLE = YES;
				IPHONEOS_DEPLOYMENT_TARGET = 12.2;
				MTL_ENABLE_DEBUG_INFO = NO;
				MTL_FAST_MATH = YES;
				SDKROOT = iphoneos;
				SWIFT_COMPILATION_MODE = wholemodule;
				SWIFT_OPTIMIZATION_LEVEL = "-O";
				VALIDATE_PRODUCT = YES;
			};
			name = Release;
		};
		8517A38222DDD53600741510 /* Debug */ = {
			isa = XCBuildConfiguration;
			baseConfigurationReference = D6AEFD51B6EEE47AB16E617A /* Pods-catchThis.debug.xcconfig */;
			buildSettings = {
				ASSETCATALOG_COMPILER_APPICON_NAME = AppIcon;
				CODE_SIGN_STYLE = Automatic;
				DEVELOPMENT_TEAM = A4RSAW4A69;
				INFOPLIST_FILE = catchThis/Info.plist;
				IPHONEOS_DEPLOYMENT_TARGET = 11.3;
				LD_RUNPATH_SEARCH_PATHS = (
					"$(inherited)",
					"@executable_path/Frameworks",
				);
				PRODUCT_BUNDLE_IDENTIFIER = com.nylon.catchThis;
				PRODUCT_NAME = "$(TARGET_NAME)";
				SWIFT_VERSION = 5.0;
				TARGETED_DEVICE_FAMILY = 1;
			};
			name = Debug;
		};
		8517A38322DDD53600741510 /* Release */ = {
			isa = XCBuildConfiguration;
			baseConfigurationReference = 36A1F898A46BAA5DADC42F06 /* Pods-catchThis.release.xcconfig */;
			buildSettings = {
				ASSETCATALOG_COMPILER_APPICON_NAME = AppIcon;
				CODE_SIGN_STYLE = Automatic;
				DEVELOPMENT_TEAM = A4RSAW4A69;
				INFOPLIST_FILE = catchThis/Info.plist;
				IPHONEOS_DEPLOYMENT_TARGET = 11.3;
				LD_RUNPATH_SEARCH_PATHS = (
					"$(inherited)",
					"@executable_path/Frameworks",
				);
				PRODUCT_BUNDLE_IDENTIFIER = com.nylon.catchThis;
				PRODUCT_NAME = "$(TARGET_NAME)";
				SWIFT_VERSION = 5.0;
				TARGETED_DEVICE_FAMILY = 1;
			};
			name = Release;
		};
		8517A38522DDD53600741510 /* Debug */ = {
			isa = XCBuildConfiguration;
			baseConfigurationReference = B43F9DC8D66A8C6A42C8481E /* Pods-catchThisTests.debug.xcconfig */;
			buildSettings = {
				ALWAYS_EMBED_SWIFT_STANDARD_LIBRARIES = YES;
				BUNDLE_LOADER = "$(TEST_HOST)";
				CODE_SIGN_STYLE = Automatic;
				DEVELOPMENT_TEAM = A4RSAW4A69;
				INFOPLIST_FILE = catchThisTests/Info.plist;
				LD_RUNPATH_SEARCH_PATHS = (
					"$(inherited)",
					"@executable_path/Frameworks",
					"@loader_path/Frameworks",
				);
				PRODUCT_BUNDLE_IDENTIFIER = com.nylon.catchThisTests;
				PRODUCT_NAME = "$(TARGET_NAME)";
				SWIFT_VERSION = 5.0;
				TARGETED_DEVICE_FAMILY = "1,2";
				TEST_HOST = "$(BUILT_PRODUCTS_DIR)/catchThis.app/catchThis";
			};
			name = Debug;
		};
		8517A38622DDD53600741510 /* Release */ = {
			isa = XCBuildConfiguration;
			baseConfigurationReference = D102349C99762C08F113B2F6 /* Pods-catchThisTests.release.xcconfig */;
			buildSettings = {
				ALWAYS_EMBED_SWIFT_STANDARD_LIBRARIES = YES;
				BUNDLE_LOADER = "$(TEST_HOST)";
				CODE_SIGN_STYLE = Automatic;
				DEVELOPMENT_TEAM = A4RSAW4A69;
				INFOPLIST_FILE = catchThisTests/Info.plist;
				LD_RUNPATH_SEARCH_PATHS = (
					"$(inherited)",
					"@executable_path/Frameworks",
					"@loader_path/Frameworks",
				);
				PRODUCT_BUNDLE_IDENTIFIER = com.nylon.catchThisTests;
				PRODUCT_NAME = "$(TARGET_NAME)";
				SWIFT_VERSION = 5.0;
				TARGETED_DEVICE_FAMILY = "1,2";
				TEST_HOST = "$(BUILT_PRODUCTS_DIR)/catchThis.app/catchThis";
			};
			name = Release;
		};
		8517A38822DDD53600741510 /* Debug */ = {
			isa = XCBuildConfiguration;
			baseConfigurationReference = 5F020AFA4B6EC84D4B8E52A2 /* Pods-catchThisUITests.debug.xcconfig */;
			buildSettings = {
				ALWAYS_EMBED_SWIFT_STANDARD_LIBRARIES = YES;
				CODE_SIGN_STYLE = Automatic;
				DEVELOPMENT_TEAM = A4RSAW4A69;
				INFOPLIST_FILE = catchThisUITests/Info.plist;
				LD_RUNPATH_SEARCH_PATHS = (
					"$(inherited)",
					"@executable_path/Frameworks",
					"@loader_path/Frameworks",
				);
				PRODUCT_BUNDLE_IDENTIFIER = com.nylon.catchThisUITests;
				PRODUCT_NAME = "$(TARGET_NAME)";
				SWIFT_VERSION = 5.0;
				TARGETED_DEVICE_FAMILY = "1,2";
				TEST_TARGET_NAME = catchThis;
			};
			name = Debug;
		};
		8517A38922DDD53600741510 /* Release */ = {
			isa = XCBuildConfiguration;
			baseConfigurationReference = 2B8D6051A1C051B138F018E6 /* Pods-catchThisUITests.release.xcconfig */;
			buildSettings = {
				ALWAYS_EMBED_SWIFT_STANDARD_LIBRARIES = YES;
				CODE_SIGN_STYLE = Automatic;
				DEVELOPMENT_TEAM = A4RSAW4A69;
				INFOPLIST_FILE = catchThisUITests/Info.plist;
				LD_RUNPATH_SEARCH_PATHS = (
					"$(inherited)",
					"@executable_path/Frameworks",
					"@loader_path/Frameworks",
				);
				PRODUCT_BUNDLE_IDENTIFIER = com.nylon.catchThisUITests;
				PRODUCT_NAME = "$(TARGET_NAME)";
				SWIFT_VERSION = 5.0;
				TARGETED_DEVICE_FAMILY = "1,2";
				TEST_TARGET_NAME = catchThis;
			};
			name = Release;
		};
/* End XCBuildConfiguration section */

/* Begin XCConfigurationList section */
		8517A34E22DDD53500741510 /* Build configuration list for PBXProject "catchThis" */ = {
			isa = XCConfigurationList;
			buildConfigurations = (
				8517A37F22DDD53600741510 /* Debug */,
				8517A38022DDD53600741510 /* Release */,
			);
			defaultConfigurationIsVisible = 0;
			defaultConfigurationName = Release;
		};
		8517A38122DDD53600741510 /* Build configuration list for PBXNativeTarget "catchThis" */ = {
			isa = XCConfigurationList;
			buildConfigurations = (
				8517A38222DDD53600741510 /* Debug */,
				8517A38322DDD53600741510 /* Release */,
			);
			defaultConfigurationIsVisible = 0;
			defaultConfigurationName = Release;
		};
		8517A38422DDD53600741510 /* Build configuration list for PBXNativeTarget "catchThisTests" */ = {
			isa = XCConfigurationList;
			buildConfigurations = (
				8517A38522DDD53600741510 /* Debug */,
				8517A38622DDD53600741510 /* Release */,
			);
			defaultConfigurationIsVisible = 0;
			defaultConfigurationName = Release;
		};
		8517A38722DDD53600741510 /* Build configuration list for PBXNativeTarget "catchThisUITests" */ = {
			isa = XCConfigurationList;
			buildConfigurations = (
				8517A38822DDD53600741510 /* Debug */,
				8517A38922DDD53600741510 /* Release */,
			);
			defaultConfigurationIsVisible = 0;
			defaultConfigurationName = Release;
		};
/* End XCConfigurationList section */
	};
	rootObject = 8517A34B22DDD53500741510 /* Project object */;
}
